// !$*UTF8*$!
{
	archiveVersion = 1;
	classes = {
	};
	objectVersion = 46;
	objects = {

/* Begin PBXBuildFile section */
		6C18DFE224BE5281620C4E1E /* libPods-ClassInTouch.a in Frameworks */ = {isa = PBXBuildFile; fileRef = D68DE368C625EC2313DAE976 /* libPods-ClassInTouch.a */; settings = {ATTRIBUTES = (Required, ); }; };
		835FE0A91BDB659600DBF099 /* EntryViewController.swift in Sources */ = {isa = PBXBuildFile; fileRef = 835FE0A81BDB659600DBF099 /* EntryViewController.swift */; };
		8417CB191BDCA4800008FEF1 /* Post+CoreDataProperties.swift in Sources */ = {isa = PBXBuildFile; fileRef = 8417CB111BDCA4800008FEF1 /* Post+CoreDataProperties.swift */; settings = {ASSET_TAGS = (); }; };
		8417CB1A1BDCA4800008FEF1 /* Post.swift in Sources */ = {isa = PBXBuildFile; fileRef = 8417CB121BDCA4800008FEF1 /* Post.swift */; settings = {ASSET_TAGS = (); }; };
		8417CB1B1BDCA4800008FEF1 /* Class+CoreDataProperties.swift in Sources */ = {isa = PBXBuildFile; fileRef = 8417CB131BDCA4800008FEF1 /* Class+CoreDataProperties.swift */; settings = {ASSET_TAGS = (); }; };
		8417CB1C1BDCA4800008FEF1 /* Class.swift in Sources */ = {isa = PBXBuildFile; fileRef = 8417CB141BDCA4800008FEF1 /* Class.swift */; settings = {ASSET_TAGS = (); }; };
		8417CB1D1BDCA4800008FEF1 /* User+CoreDataProperties.swift in Sources */ = {isa = PBXBuildFile; fileRef = 8417CB151BDCA4800008FEF1 /* User+CoreDataProperties.swift */; settings = {ASSET_TAGS = (); }; };
		8417CB1E1BDCA4800008FEF1 /* User.swift in Sources */ = {isa = PBXBuildFile; fileRef = 8417CB161BDCA4800008FEF1 /* User.swift */; settings = {ASSET_TAGS = (); }; };
		8417CB1F1BDCA4800008FEF1 /* Discussion+CoreDataProperties.swift in Sources */ = {isa = PBXBuildFile; fileRef = 8417CB171BDCA4800008FEF1 /* Discussion+CoreDataProperties.swift */; settings = {ASSET_TAGS = (); }; };
		8417CB201BDCA4800008FEF1 /* Discussion.swift in Sources */ = {isa = PBXBuildFile; fileRef = 8417CB181BDCA4800008FEF1 /* Discussion.swift */; settings = {ASSET_TAGS = (); }; };
		8417CB221BDCD0B70008FEF1 /* LGSimpleChat.swift in Sources */ = {isa = PBXBuildFile; fileRef = 8417CB211BDCD0B70008FEF1 /* LGSimpleChat.swift */; settings = {ASSET_TAGS = (); }; };
		D0B314AF1BDB2FD100954116 /* AppDelegate.swift in Sources */ = {isa = PBXBuildFile; fileRef = D0B314AE1BDB2FD100954116 /* AppDelegate.swift */; };
		D0B314B41BDB2FD100954116 /* Main.storyboard in Resources */ = {isa = PBXBuildFile; fileRef = D0B314B21BDB2FD100954116 /* Main.storyboard */; };
		D0B314B71BDB2FD100954116 /* ClassInTouch.xcdatamodeld in Sources */ = {isa = PBXBuildFile; fileRef = D0B314B51BDB2FD100954116 /* ClassInTouch.xcdatamodeld */; };
		D0B314B91BDB2FD100954116 /* Assets.xcassets in Resources */ = {isa = PBXBuildFile; fileRef = D0B314B81BDB2FD100954116 /* Assets.xcassets */; };
		D0B314BC1BDB2FD100954116 /* LaunchScreen.storyboard in Resources */ = {isa = PBXBuildFile; fileRef = D0B314BA1BDB2FD100954116 /* LaunchScreen.storyboard */; };
		D0B314C71BDB2FD100954116 /* ClassInTouchTests.swift in Sources */ = {isa = PBXBuildFile; fileRef = D0B314C61BDB2FD100954116 /* ClassInTouchTests.swift */; };
		D0B314D21BDB2FD100954116 /* ClassInTouchUITests.swift in Sources */ = {isa = PBXBuildFile; fileRef = D0B314D11BDB2FD100954116 /* ClassInTouchUITests.swift */; };
		D0B314E21BDB3F7C00954116 /* NearbyViewController.swift in Sources */ = {isa = PBXBuildFile; fileRef = D0B314E11BDB3F7C00954116 /* NearbyViewController.swift */; };
		D0B314E41BDB3F8700954116 /* ClassListViewController.swift in Sources */ = {isa = PBXBuildFile; fileRef = D0B314E31BDB3F8700954116 /* ClassListViewController.swift */; };
		D0B314E61BDB44CC00954116 /* ClassViewController.swift in Sources */ = {isa = PBXBuildFile; fileRef = D0B314E51BDB44CC00954116 /* ClassViewController.swift */; };
		D0B314EA1BDB44EE00954116 /* AskViewController.swift in Sources */ = {isa = PBXBuildFile; fileRef = D0B314E91BDB44EE00954116 /* AskViewController.swift */; };
		D0B314EC1BDB44FC00954116 /* CreateViewController.swift in Sources */ = {isa = PBXBuildFile; fileRef = D0B314EB1BDB44FC00954116 /* CreateViewController.swift */; };
		D0B315251BDB71CD00954116 /* PGNetworkHandler.m in Sources */ = {isa = PBXBuildFile; fileRef = D0B315221BDB6EA800954116 /* PGNetworkHandler.m */; };
		D0B315261BDB7C1100954116 /* PGNetworkMapping.m in Sources */ = {isa = PBXBuildFile; fileRef = D0B315181BDB6EA000954116 /* PGNetworkMapping.m */; };
		D0B315271BDB7C2F00954116 /* NSManagedObjectContext+PGNetworkMapping.m in Sources */ = {isa = PBXBuildFile; fileRef = D0B315161BDB6EA000954116 /* NSManagedObjectContext+PGNetworkMapping.m */; };
		D0B315281BDB7C2F00954116 /* NSObject+PGKeyValueCoding.m in Sources */ = {isa = PBXBuildFile; fileRef = D0B3151A1BDB6EA000954116 /* NSObject+PGKeyValueCoding.m */; };
		D0B315291BDB7C2F00954116 /* NSObject+PGPropertyList.m in Sources */ = {isa = PBXBuildFile; fileRef = D0B3151C1BDB6EA000954116 /* NSObject+PGPropertyList.m */; };
		D0F7EB401BDCDF5300EA0FC9 /* DataHandler.swift in Sources */ = {isa = PBXBuildFile; fileRef = D0F7EB3F1BDCDF5300EA0FC9 /* DataHandler.swift */; settings = {ASSET_TAGS = (); }; };
/* End PBXBuildFile section */

/* Begin PBXContainerItemProxy section */
		D0B314C31BDB2FD100954116 /* PBXContainerItemProxy */ = {
			isa = PBXContainerItemProxy;
			containerPortal = D0B314A31BDB2FD100954116 /* Project object */;
			proxyType = 1;
			remoteGlobalIDString = D0B314AA1BDB2FD100954116;
			remoteInfo = ClassInTouch;
		};
		D0B314CE1BDB2FD100954116 /* PBXContainerItemProxy */ = {
			isa = PBXContainerItemProxy;
			containerPortal = D0B314A31BDB2FD100954116 /* Project object */;
			proxyType = 1;
			remoteGlobalIDString = D0B314AA1BDB2FD100954116;
			remoteInfo = ClassInTouch;
		};
/* End PBXContainerItemProxy section */

/* Begin PBXFileReference section */
		32B81CB2B7E6FD4FA5B1D03A /* Pods-ClassInTouch.release.xcconfig */ = {isa = PBXFileReference; includeInIndex = 1; lastKnownFileType = text.xcconfig; name = "Pods-ClassInTouch.release.xcconfig"; path = "Pods/Target Support Files/Pods-ClassInTouch/Pods-ClassInTouch.release.xcconfig"; sourceTree = "<group>"; };
		53121BCFF0198ACB7E803FE9 /* Pods-ClassInTouch.debug.xcconfig */ = {isa = PBXFileReference; includeInIndex = 1; lastKnownFileType = text.xcconfig; name = "Pods-ClassInTouch.debug.xcconfig"; path = "Pods/Target Support Files/Pods-ClassInTouch/Pods-ClassInTouch.debug.xcconfig"; sourceTree = "<group>"; };
		835FE0A11BDB438D00DBF099 /* Bridging-Header.h */ = {isa = PBXFileReference; lastKnownFileType = sourcecode.c.h; path = "Bridging-Header.h"; sourceTree = "<group>"; };
		835FE0A81BDB659600DBF099 /* EntryViewController.swift */ = {isa = PBXFileReference; fileEncoding = 4; lastKnownFileType = sourcecode.swift; path = EntryViewController.swift; sourceTree = "<group>"; };
		8417CB111BDCA4800008FEF1 /* Post+CoreDataProperties.swift */ = {isa = PBXFileReference; fileEncoding = 4; lastKnownFileType = sourcecode.swift; path = "Post+CoreDataProperties.swift"; sourceTree = "<group>"; };
		8417CB121BDCA4800008FEF1 /* Post.swift */ = {isa = PBXFileReference; fileEncoding = 4; lastKnownFileType = sourcecode.swift; path = Post.swift; sourceTree = "<group>"; };
		8417CB131BDCA4800008FEF1 /* Class+CoreDataProperties.swift */ = {isa = PBXFileReference; fileEncoding = 4; lastKnownFileType = sourcecode.swift; path = "Class+CoreDataProperties.swift"; sourceTree = "<group>"; };
		8417CB141BDCA4800008FEF1 /* Class.swift */ = {isa = PBXFileReference; fileEncoding = 4; lastKnownFileType = sourcecode.swift; path = Class.swift; sourceTree = "<group>"; };
		8417CB151BDCA4800008FEF1 /* User+CoreDataProperties.swift */ = {isa = PBXFileReference; fileEncoding = 4; lastKnownFileType = sourcecode.swift; path = "User+CoreDataProperties.swift"; sourceTree = "<group>"; };
		8417CB161BDCA4800008FEF1 /* User.swift */ = {isa = PBXFileReference; fileEncoding = 4; lastKnownFileType = sourcecode.swift; path = User.swift; sourceTree = "<group>"; };
		8417CB171BDCA4800008FEF1 /* Discussion+CoreDataProperties.swift */ = {isa = PBXFileReference; fileEncoding = 4; lastKnownFileType = sourcecode.swift; path = "Discussion+CoreDataProperties.swift"; sourceTree = "<group>"; };
		8417CB181BDCA4800008FEF1 /* Discussion.swift */ = {isa = PBXFileReference; fileEncoding = 4; lastKnownFileType = sourcecode.swift; path = Discussion.swift; sourceTree = "<group>"; };
		8417CB211BDCD0B70008FEF1 /* LGSimpleChat.swift */ = {isa = PBXFileReference; fileEncoding = 4; lastKnownFileType = sourcecode.swift; path = LGSimpleChat.swift; sourceTree = "<group>"; };
		D0B314AB1BDB2FD100954116 /* ClassInTouch.app */ = {isa = PBXFileReference; explicitFileType = wrapper.application; includeInIndex = 0; path = ClassInTouch.app; sourceTree = BUILT_PRODUCTS_DIR; };
		D0B314AE1BDB2FD100954116 /* AppDelegate.swift */ = {isa = PBXFileReference; lastKnownFileType = sourcecode.swift; path = AppDelegate.swift; sourceTree = "<group>"; };
		D0B314B31BDB2FD100954116 /* Base */ = {isa = PBXFileReference; lastKnownFileType = file.storyboard; name = Base; path = Base.lproj/Main.storyboard; sourceTree = "<group>"; };
		D0B314B61BDB2FD100954116 /* ClassInTouch.xcdatamodel */ = {isa = PBXFileReference; lastKnownFileType = wrapper.xcdatamodel; path = ClassInTouch.xcdatamodel; sourceTree = "<group>"; };
		D0B314B81BDB2FD100954116 /* Assets.xcassets */ = {isa = PBXFileReference; lastKnownFileType = folder.assetcatalog; path = Assets.xcassets; sourceTree = "<group>"; };
		D0B314BB1BDB2FD100954116 /* Base */ = {isa = PBXFileReference; lastKnownFileType = file.storyboard; name = Base; path = Base.lproj/LaunchScreen.storyboard; sourceTree = "<group>"; };
		D0B314BD1BDB2FD100954116 /* Info.plist */ = {isa = PBXFileReference; lastKnownFileType = text.plist.xml; path = Info.plist; sourceTree = "<group>"; };
		D0B314C21BDB2FD100954116 /* ClassInTouchTests.xctest */ = {isa = PBXFileReference; explicitFileType = wrapper.cfbundle; includeInIndex = 0; path = ClassInTouchTests.xctest; sourceTree = BUILT_PRODUCTS_DIR; };
		D0B314C61BDB2FD100954116 /* ClassInTouchTests.swift */ = {isa = PBXFileReference; lastKnownFileType = sourcecode.swift; path = ClassInTouchTests.swift; sourceTree = "<group>"; };
		D0B314C81BDB2FD100954116 /* Info.plist */ = {isa = PBXFileReference; lastKnownFileType = text.plist.xml; path = Info.plist; sourceTree = "<group>"; };
		D0B314CD1BDB2FD100954116 /* ClassInTouchUITests.xctest */ = {isa = PBXFileReference; explicitFileType = wrapper.cfbundle; includeInIndex = 0; path = ClassInTouchUITests.xctest; sourceTree = BUILT_PRODUCTS_DIR; };
		D0B314D11BDB2FD100954116 /* ClassInTouchUITests.swift */ = {isa = PBXFileReference; lastKnownFileType = sourcecode.swift; path = ClassInTouchUITests.swift; sourceTree = "<group>"; };
		D0B314D31BDB2FD100954116 /* Info.plist */ = {isa = PBXFileReference; lastKnownFileType = text.plist.xml; path = Info.plist; sourceTree = "<group>"; };
		D0B314E11BDB3F7C00954116 /* NearbyViewController.swift */ = {isa = PBXFileReference; fileEncoding = 4; lastKnownFileType = sourcecode.swift; path = NearbyViewController.swift; sourceTree = "<group>"; };
		D0B314E31BDB3F8700954116 /* ClassListViewController.swift */ = {isa = PBXFileReference; fileEncoding = 4; lastKnownFileType = sourcecode.swift; path = ClassListViewController.swift; sourceTree = "<group>"; };
		D0B314E51BDB44CC00954116 /* ClassViewController.swift */ = {isa = PBXFileReference; fileEncoding = 4; lastKnownFileType = sourcecode.swift; path = ClassViewController.swift; sourceTree = "<group>"; };
		D0B314E91BDB44EE00954116 /* AskViewController.swift */ = {isa = PBXFileReference; fileEncoding = 4; lastKnownFileType = sourcecode.swift; path = AskViewController.swift; sourceTree = "<group>"; };
		D0B314EB1BDB44FC00954116 /* CreateViewController.swift */ = {isa = PBXFileReference; fileEncoding = 4; lastKnownFileType = sourcecode.swift; path = CreateViewController.swift; sourceTree = "<group>"; };
		D0B315151BDB6EA000954116 /* NSManagedObjectContext+PGNetworkMapping.h */ = {isa = PBXFileReference; fileEncoding = 4; lastKnownFileType = sourcecode.c.h; path = "NSManagedObjectContext+PGNetworkMapping.h"; sourceTree = "<group>"; };
		D0B315161BDB6EA000954116 /* NSManagedObjectContext+PGNetworkMapping.m */ = {isa = PBXFileReference; fileEncoding = 4; lastKnownFileType = sourcecode.c.objc; path = "NSManagedObjectContext+PGNetworkMapping.m"; sourceTree = "<group>"; };
		D0B315171BDB6EA000954116 /* PGNetworkMapping.h */ = {isa = PBXFileReference; fileEncoding = 4; lastKnownFileType = sourcecode.c.h; path = PGNetworkMapping.h; sourceTree = "<group>"; };
		D0B315181BDB6EA000954116 /* PGNetworkMapping.m */ = {isa = PBXFileReference; fileEncoding = 4; lastKnownFileType = sourcecode.c.objc; path = PGNetworkMapping.m; sourceTree = "<group>"; };
		D0B315191BDB6EA000954116 /* NSObject+PGKeyValueCoding.h */ = {isa = PBXFileReference; fileEncoding = 4; lastKnownFileType = sourcecode.c.h; path = "NSObject+PGKeyValueCoding.h"; sourceTree = "<group>"; };
		D0B3151A1BDB6EA000954116 /* NSObject+PGKeyValueCoding.m */ = {isa = PBXFileReference; fileEncoding = 4; lastKnownFileType = sourcecode.c.objc; path = "NSObject+PGKeyValueCoding.m"; sourceTree = "<group>"; };
		D0B3151B1BDB6EA000954116 /* NSObject+PGPropertyList.h */ = {isa = PBXFileReference; fileEncoding = 4; lastKnownFileType = sourcecode.c.h; path = "NSObject+PGPropertyList.h"; sourceTree = "<group>"; };
		D0B3151C1BDB6EA000954116 /* NSObject+PGPropertyList.m */ = {isa = PBXFileReference; fileEncoding = 4; lastKnownFileType = sourcecode.c.objc; path = "NSObject+PGPropertyList.m"; sourceTree = "<group>"; };
		D0B315211BDB6EA800954116 /* PGNetworkHandler.h */ = {isa = PBXFileReference; fileEncoding = 4; lastKnownFileType = sourcecode.c.h; path = PGNetworkHandler.h; sourceTree = "<group>"; };
		D0B315221BDB6EA800954116 /* PGNetworkHandler.m */ = {isa = PBXFileReference; fileEncoding = 4; lastKnownFileType = sourcecode.c.objc; path = PGNetworkHandler.m; sourceTree = "<group>"; };
		D0F7EB3F1BDCDF5300EA0FC9 /* DataHandler.swift */ = {isa = PBXFileReference; fileEncoding = 4; lastKnownFileType = sourcecode.swift; path = DataHandler.swift; sourceTree = "<group>"; };
		D68DE368C625EC2313DAE976 /* libPods-ClassInTouch.a */ = {isa = PBXFileReference; explicitFileType = archive.ar; includeInIndex = 0; path = "libPods-ClassInTouch.a"; sourceTree = BUILT_PRODUCTS_DIR; };
/* End PBXFileReference section */

/* Begin PBXFrameworksBuildPhase section */
		D0B314A81BDB2FD100954116 /* Frameworks */ = {
			isa = PBXFrameworksBuildPhase;
			buildActionMask = 2147483647;
			files = (
				6C18DFE224BE5281620C4E1E /* libPods-ClassInTouch.a in Frameworks */,
			);
			runOnlyForDeploymentPostprocessing = 0;
		};
		D0B314BF1BDB2FD100954116 /* Frameworks */ = {
			isa = PBXFrameworksBuildPhase;
			buildActionMask = 2147483647;
			files = (
			);
			runOnlyForDeploymentPostprocessing = 0;
		};
		D0B314CA1BDB2FD100954116 /* Frameworks */ = {
			isa = PBXFrameworksBuildPhase;
			buildActionMask = 2147483647;
			files = (
			);
			runOnlyForDeploymentPostprocessing = 0;
		};
/* End PBXFrameworksBuildPhase section */

/* Begin PBXGroup section */
		2E5581CFFDCA4C794A61A429 /* Frameworks */ = {
			isa = PBXGroup;
			children = (
				D68DE368C625EC2313DAE976 /* libPods-ClassInTouch.a */,
			);
			name = Frameworks;
			sourceTree = "<group>";
		};
		5A4802A2B1412D434655CE39 /* Pods */ = {
			isa = PBXGroup;
			children = (
				53121BCFF0198ACB7E803FE9 /* Pods-ClassInTouch.debug.xcconfig */,
				32B81CB2B7E6FD4FA5B1D03A /* Pods-ClassInTouch.release.xcconfig */,
			);
			name = Pods;
			sourceTree = "<group>";
		};
		D0B314A21BDB2FD100954116 = {
			isa = PBXGroup;
			children = (
				D0B314AD1BDB2FD100954116 /* ClassInTouch */,
				D0B314C51BDB2FD100954116 /* ClassInTouchTests */,
				D0B314D01BDB2FD100954116 /* ClassInTouchUITests */,
				D0B314AC1BDB2FD100954116 /* Products */,
				5A4802A2B1412D434655CE39 /* Pods */,
				2E5581CFFDCA4C794A61A429 /* Frameworks */,
			);
			sourceTree = "<group>";
		};
		D0B314AC1BDB2FD100954116 /* Products */ = {
			isa = PBXGroup;
			children = (
				D0B314AB1BDB2FD100954116 /* ClassInTouch.app */,
				D0B314C21BDB2FD100954116 /* ClassInTouchTests.xctest */,
				D0B314CD1BDB2FD100954116 /* ClassInTouchUITests.xctest */,
			);
			name = Products;
			sourceTree = "<group>";
		};
		D0B314AD1BDB2FD100954116 /* ClassInTouch */ = {
			isa = PBXGroup;
			children = (
				D0B314AE1BDB2FD100954116 /* AppDelegate.swift */,
				D0B314F01BDB523D00954116 /* ViewController */,
				D0B314EF1BDB523800954116 /* UI */,
				D0B314F11BDB524300954116 /* Data */,
				D0B315241BDB6EAD00954116 /* Network */,
				D0B314F21BDB524600954116 /* Support */,
			);
			path = ClassInTouch;
			sourceTree = "<group>";
		};
		D0B314C51BDB2FD100954116 /* ClassInTouchTests */ = {
			isa = PBXGroup;
			children = (
				D0B314C61BDB2FD100954116 /* ClassInTouchTests.swift */,
				D0B314C81BDB2FD100954116 /* Info.plist */,
			);
			path = ClassInTouchTests;
			sourceTree = "<group>";
		};
		D0B314D01BDB2FD100954116 /* ClassInTouchUITests */ = {
			isa = PBXGroup;
			children = (
				D0B314D11BDB2FD100954116 /* ClassInTouchUITests.swift */,
				D0B314D31BDB2FD100954116 /* Info.plist */,
			);
			path = ClassInTouchUITests;
			sourceTree = "<group>";
		};
		D0B314EF1BDB523800954116 /* UI */ = {
			isa = PBXGroup;
			children = (
				D0B314B21BDB2FD100954116 /* Main.storyboard */,
				D0B314B81BDB2FD100954116 /* Assets.xcassets */,
				D0B314BA1BDB2FD100954116 /* LaunchScreen.storyboard */,
			);
			name = UI;
			sourceTree = "<group>";
		};
		D0B314F01BDB523D00954116 /* ViewController */ = {
			isa = PBXGroup;
			children = (
				835FE0A81BDB659600DBF099 /* EntryViewController.swift */,
				D0B314E31BDB3F8700954116 /* ClassListViewController.swift */,
				D0B314E51BDB44CC00954116 /* ClassViewController.swift */,
				D0B314E91BDB44EE00954116 /* AskViewController.swift */,
				D0B314EB1BDB44FC00954116 /* CreateViewController.swift */,
				D0B314E11BDB3F7C00954116 /* NearbyViewController.swift */,
				8417CB211BDCD0B70008FEF1 /* LGSimpleChat.swift */,
			);
			name = ViewController;
			sourceTree = "<group>";
		};
		D0B314F11BDB524300954116 /* Data */ = {
			isa = PBXGroup;
			children = (
				8417CB111BDCA4800008FEF1 /* Post+CoreDataProperties.swift */,
				8417CB121BDCA4800008FEF1 /* Post.swift */,
				8417CB131BDCA4800008FEF1 /* Class+CoreDataProperties.swift */,
				8417CB141BDCA4800008FEF1 /* Class.swift */,
				8417CB151BDCA4800008FEF1 /* User+CoreDataProperties.swift */,
				8417CB161BDCA4800008FEF1 /* User.swift */,
				8417CB171BDCA4800008FEF1 /* Discussion+CoreDataProperties.swift */,
				8417CB181BDCA4800008FEF1 /* Discussion.swift */,
				D0F7EB3F1BDCDF5300EA0FC9 /* DataHandler.swift */,
				D0B314B51BDB2FD100954116 /* ClassInTouch.xcdatamodeld */,
			);
			name = Data;
			sourceTree = "<group>";
		};
		D0B314F21BDB524600954116 /* Support */ = {
			isa = PBXGroup;
			children = (
				835FE0A11BDB438D00DBF099 /* Bridging-Header.h */,
				D0B314BD1BDB2FD100954116 /* Info.plist */,
			);
			name = Support;
			sourceTree = "<group>";
		};
		D0B315241BDB6EAD00954116 /* Network */ = {
			isa = PBXGroup;
			children = (
				D0B315211BDB6EA800954116 /* PGNetworkHandler.h */,
				D0B315221BDB6EA800954116 /* PGNetworkHandler.m */,
				D0B315151BDB6EA000954116 /* NSManagedObjectContext+PGNetworkMapping.h */,
				D0B315161BDB6EA000954116 /* NSManagedObjectContext+PGNetworkMapping.m */,
				D0B315171BDB6EA000954116 /* PGNetworkMapping.h */,
				D0B315181BDB6EA000954116 /* PGNetworkMapping.m */,
				D0B315191BDB6EA000954116 /* NSObject+PGKeyValueCoding.h */,
				D0B3151A1BDB6EA000954116 /* NSObject+PGKeyValueCoding.m */,
				D0B3151B1BDB6EA000954116 /* NSObject+PGPropertyList.h */,
				D0B3151C1BDB6EA000954116 /* NSObject+PGPropertyList.m */,
			);
			name = Network;
			sourceTree = "<group>";
		};
/* End PBXGroup section */

/* Begin PBXNativeTarget section */
		D0B314AA1BDB2FD100954116 /* ClassInTouch */ = {
			isa = PBXNativeTarget;
			buildConfigurationList = D0B314D61BDB2FD100954116 /* Build configuration list for PBXNativeTarget "ClassInTouch" */;
			buildPhases = (
				6BBCEA8E1CFBC08652FA9120 /* Check Pods Manifest.lock */,
				D0B314A71BDB2FD100954116 /* Sources */,
				D0B314A81BDB2FD100954116 /* Frameworks */,
				D0B314A91BDB2FD100954116 /* Resources */,
				F654ABBF57FBB2C6EBED0261 /* Copy Pods Resources */,
				C7249A1023804D6AB5F21EB2 /* Embed Pods Frameworks */,
			);
			buildRules = (
			);
			dependencies = (
			);
			name = ClassInTouch;
			productName = ClassInTouch;
			productReference = D0B314AB1BDB2FD100954116 /* ClassInTouch.app */;
			productType = "com.apple.product-type.application";
		};
		D0B314C11BDB2FD100954116 /* ClassInTouchTests */ = {
			isa = PBXNativeTarget;
			buildConfigurationList = D0B314D91BDB2FD100954116 /* Build configuration list for PBXNativeTarget "ClassInTouchTests" */;
			buildPhases = (
				D0B314BE1BDB2FD100954116 /* Sources */,
				D0B314BF1BDB2FD100954116 /* Frameworks */,
				D0B314C01BDB2FD100954116 /* Resources */,
			);
			buildRules = (
			);
			dependencies = (
				D0B314C41BDB2FD100954116 /* PBXTargetDependency */,
			);
			name = ClassInTouchTests;
			productName = ClassInTouchTests;
			productReference = D0B314C21BDB2FD100954116 /* ClassInTouchTests.xctest */;
			productType = "com.apple.product-type.bundle.unit-test";
		};
		D0B314CC1BDB2FD100954116 /* ClassInTouchUITests */ = {
			isa = PBXNativeTarget;
			buildConfigurationList = D0B314DC1BDB2FD100954116 /* Build configuration list for PBXNativeTarget "ClassInTouchUITests" */;
			buildPhases = (
				D0B314C91BDB2FD100954116 /* Sources */,
				D0B314CA1BDB2FD100954116 /* Frameworks */,
				D0B314CB1BDB2FD100954116 /* Resources */,
			);
			buildRules = (
			);
			dependencies = (
				D0B314CF1BDB2FD100954116 /* PBXTargetDependency */,
			);
			name = ClassInTouchUITests;
			productName = ClassInTouchUITests;
			productReference = D0B314CD1BDB2FD100954116 /* ClassInTouchUITests.xctest */;
			productType = "com.apple.product-type.bundle.ui-testing";
		};
/* End PBXNativeTarget section */

/* Begin PBXProject section */
		D0B314A31BDB2FD100954116 /* Project object */ = {
			isa = PBXProject;
			attributes = {
				LastUpgradeCheck = 0700;
				ORGANIZATIONNAME = ClassInTouch;
				TargetAttributes = {
					D0B314AA1BDB2FD100954116 = {
						CreatedOnToolsVersion = 7.0.1;
						DevelopmentTeam = 4UY7T7255Z;
					};
					D0B314C11BDB2FD100954116 = {
						CreatedOnToolsVersion = 7.0.1;
						TestTargetID = D0B314AA1BDB2FD100954116;
					};
					D0B314CC1BDB2FD100954116 = {
						CreatedOnToolsVersion = 7.0.1;
						TestTargetID = D0B314AA1BDB2FD100954116;
					};
				};
			};
			buildConfigurationList = D0B314A61BDB2FD100954116 /* Build configuration list for PBXProject "ClassInTouch" */;
			compatibilityVersion = "Xcode 3.2";
			developmentRegion = English;
			hasScannedForEncodings = 0;
			knownRegions = (
				en,
				Base,
			);
			mainGroup = D0B314A21BDB2FD100954116;
			productRefGroup = D0B314AC1BDB2FD100954116 /* Products */;
			projectDirPath = "";
			projectRoot = "";
			targets = (
				D0B314AA1BDB2FD100954116 /* ClassInTouch */,
				D0B314C11BDB2FD100954116 /* ClassInTouchTests */,
				D0B314CC1BDB2FD100954116 /* ClassInTouchUITests */,
			);
		};
/* End PBXProject section */

/* Begin PBXResourcesBuildPhase section */
		D0B314A91BDB2FD100954116 /* Resources */ = {
			isa = PBXResourcesBuildPhase;
			buildActionMask = 2147483647;
			files = (
				D0B314BC1BDB2FD100954116 /* LaunchScreen.storyboard in Resources */,
				D0B314B91BDB2FD100954116 /* Assets.xcassets in Resources */,
				D0B314B41BDB2FD100954116 /* Main.storyboard in Resources */,
			);
			runOnlyForDeploymentPostprocessing = 0;
		};
		D0B314C01BDB2FD100954116 /* Resources */ = {
			isa = PBXResourcesBuildPhase;
			buildActionMask = 2147483647;
			files = (
			);
			runOnlyForDeploymentPostprocessing = 0;
		};
		D0B314CB1BDB2FD100954116 /* Resources */ = {
			isa = PBXResourcesBuildPhase;
			buildActionMask = 2147483647;
			files = (
			);
			runOnlyForDeploymentPostprocessing = 0;
		};
/* End PBXResourcesBuildPhase section */

/* Begin PBXShellScriptBuildPhase section */
		6BBCEA8E1CFBC08652FA9120 /* Check Pods Manifest.lock */ = {
			isa = PBXShellScriptBuildPhase;
			buildActionMask = 2147483647;
			files = (
			);
			inputPaths = (
			);
			name = "Check Pods Manifest.lock";
			outputPaths = (
			);
			runOnlyForDeploymentPostprocessing = 0;
			shellPath = /bin/sh;
			shellScript = "diff \"${PODS_ROOT}/../Podfile.lock\" \"${PODS_ROOT}/Manifest.lock\" > /dev/null\nif [[ $? != 0 ]] ; then\n    cat << EOM\nerror: The sandbox is not in sync with the Podfile.lock. Run 'pod install' or update your CocoaPods installation.\nEOM\n    exit 1\nfi\n";
			showEnvVarsInLog = 0;
		};
		C7249A1023804D6AB5F21EB2 /* Embed Pods Frameworks */ = {
			isa = PBXShellScriptBuildPhase;
			buildActionMask = 2147483647;
			files = (
			);
			inputPaths = (
			);
			name = "Embed Pods Frameworks";
			outputPaths = (
			);
			runOnlyForDeploymentPostprocessing = 0;
			shellPath = /bin/sh;
			shellScript = "\"${SRCROOT}/Pods/Target Support Files/Pods-ClassInTouch/Pods-ClassInTouch-frameworks.sh\"\n";
			showEnvVarsInLog = 0;
		};
		F654ABBF57FBB2C6EBED0261 /* Copy Pods Resources */ = {
			isa = PBXShellScriptBuildPhase;
			buildActionMask = 2147483647;
			files = (
			);
			inputPaths = (
			);
			name = "Copy Pods Resources";
			outputPaths = (
			);
			runOnlyForDeploymentPostprocessing = 0;
			shellPath = /bin/sh;
			shellScript = "\"${SRCROOT}/Pods/Target Support Files/Pods-ClassInTouch/Pods-ClassInTouch-resources.sh\"\n";
			showEnvVarsInLog = 0;
		};
/* End PBXShellScriptBuildPhase section */

/* Begin PBXSourcesBuildPhase section */
		D0B314A71BDB2FD100954116 /* Sources */ = {
			isa = PBXSourcesBuildPhase;
			buildActionMask = 2147483647;
			files = (
				D0B315271BDB7C2F00954116 /* NSManagedObjectContext+PGNetworkMapping.m in Sources */,
				D0B315281BDB7C2F00954116 /* NSObject+PGKeyValueCoding.m in Sources */,
				D0B315291BDB7C2F00954116 /* NSObject+PGPropertyList.m in Sources */,
				D0B315261BDB7C1100954116 /* PGNetworkMapping.m in Sources */,
				D0F7EB401BDCDF5300EA0FC9 /* DataHandler.swift in Sources */,
				8417CB1A1BDCA4800008FEF1 /* Post.swift in Sources */,
				D0B315251BDB71CD00954116 /* PGNetworkHandler.m in Sources */,
				8417CB1C1BDCA4800008FEF1 /* Class.swift in Sources */,
				8417CB201BDCA4800008FEF1 /* Discussion.swift in Sources */,
				D0B314B71BDB2FD100954116 /* ClassInTouch.xcdatamodeld in Sources */,
				D0B314E61BDB44CC00954116 /* ClassViewController.swift in Sources */,
				8417CB221BDCD0B70008FEF1 /* LGSimpleChat.swift in Sources */,
				D0B314EC1BDB44FC00954116 /* CreateViewController.swift in Sources */,
				8417CB1B1BDCA4800008FEF1 /* Class+CoreDataProperties.swift in Sources */,
				8417CB191BDCA4800008FEF1 /* Post+CoreDataProperties.swift in Sources */,
				8417CB1F1BDCA4800008FEF1 /* Discussion+CoreDataProperties.swift in Sources */,
				D0B314E41BDB3F8700954116 /* ClassListViewController.swift in Sources */,
				D0B314AF1BDB2FD100954116 /* AppDelegate.swift in Sources */,
				835FE0A91BDB659600DBF099 /* EntryViewController.swift in Sources */,
				D0B314E21BDB3F7C00954116 /* NearbyViewController.swift in Sources */,
				8417CB1D1BDCA4800008FEF1 /* User+CoreDataProperties.swift in Sources */,
				D0B314EA1BDB44EE00954116 /* AskViewController.swift in Sources */,
				8417CB1E1BDCA4800008FEF1 /* User.swift in Sources */,
			);
			runOnlyForDeploymentPostprocessing = 0;
		};
		D0B314BE1BDB2FD100954116 /* Sources */ = {
			isa = PBXSourcesBuildPhase;
			buildActionMask = 2147483647;
			files = (
				D0B314C71BDB2FD100954116 /* ClassInTouchTests.swift in Sources */,
			);
			runOnlyForDeploymentPostprocessing = 0;
		};
		D0B314C91BDB2FD100954116 /* Sources */ = {
			isa = PBXSourcesBuildPhase;
			buildActionMask = 2147483647;
			files = (
				D0B314D21BDB2FD100954116 /* ClassInTouchUITests.swift in Sources */,
			);
			runOnlyForDeploymentPostprocessing = 0;
		};
/* End PBXSourcesBuildPhase section */

/* Begin PBXTargetDependency section */
		D0B314C41BDB2FD100954116 /* PBXTargetDependency */ = {
			isa = PBXTargetDependency;
			target = D0B314AA1BDB2FD100954116 /* ClassInTouch */;
			targetProxy = D0B314C31BDB2FD100954116 /* PBXContainerItemProxy */;
		};
		D0B314CF1BDB2FD100954116 /* PBXTargetDependency */ = {
			isa = PBXTargetDependency;
			target = D0B314AA1BDB2FD100954116 /* ClassInTouch */;
			targetProxy = D0B314CE1BDB2FD100954116 /* PBXContainerItemProxy */;
		};
/* End PBXTargetDependency section */

/* Begin PBXVariantGroup section */
		D0B314B21BDB2FD100954116 /* Main.storyboard */ = {
			isa = PBXVariantGroup;
			children = (
				D0B314B31BDB2FD100954116 /* Base */,
			);
			name = Main.storyboard;
			sourceTree = "<group>";
		};
		D0B314BA1BDB2FD100954116 /* LaunchScreen.storyboard */ = {
			isa = PBXVariantGroup;
			children = (
				D0B314BB1BDB2FD100954116 /* Base */,
			);
			name = LaunchScreen.storyboard;
			sourceTree = "<group>";
		};
/* End PBXVariantGroup section */

/* Begin XCBuildConfiguration section */
		D0B314D41BDB2FD100954116 /* Debug */ = {
			isa = XCBuildConfiguration;
			buildSettings = {
				ALWAYS_SEARCH_USER_PATHS = NO;
				CLANG_CXX_LANGUAGE_STANDARD = "gnu++0x";
				CLANG_CXX_LIBRARY = "libc++";
				CLANG_ENABLE_MODULES = YES;
				CLANG_ENABLE_OBJC_ARC = YES;
				CLANG_WARN_BOOL_CONVERSION = YES;
				CLANG_WARN_CONSTANT_CONVERSION = YES;
				CLANG_WARN_DIRECT_OBJC_ISA_USAGE = YES_ERROR;
				CLANG_WARN_EMPTY_BODY = YES;
				CLANG_WARN_ENUM_CONVERSION = YES;
				CLANG_WARN_INT_CONVERSION = YES;
				CLANG_WARN_OBJC_ROOT_CLASS = YES_ERROR;
				CLANG_WARN_UNREACHABLE_CODE = YES;
				CLANG_WARN__DUPLICATE_METHOD_MATCH = YES;
				"CODE_SIGN_IDENTITY[sdk=iphoneos*]" = "iPhone Developer";
				COPY_PHASE_STRIP = NO;
				DEBUG_INFORMATION_FORMAT = dwarf;
				ENABLE_STRICT_OBJC_MSGSEND = YES;
				ENABLE_TESTABILITY = YES;
				GCC_C_LANGUAGE_STANDARD = gnu99;
				GCC_DYNAMIC_NO_PIC = NO;
				GCC_NO_COMMON_BLOCKS = YES;
				GCC_OPTIMIZATION_LEVEL = 0;
				GCC_PREPROCESSOR_DEFINITIONS = (
					"DEBUG=1",
					"$(inherited)",
				);
				GCC_WARN_64_TO_32_BIT_CONVERSION = YES;
				GCC_WARN_ABOUT_RETURN_TYPE = YES_ERROR;
				GCC_WARN_UNDECLARED_SELECTOR = YES;
				GCC_WARN_UNINITIALIZED_AUTOS = YES_AGGRESSIVE;
				GCC_WARN_UNUSED_FUNCTION = YES;
				GCC_WARN_UNUSED_VARIABLE = YES;
				IPHONEOS_DEPLOYMENT_TARGET = 9.0;
				MTL_ENABLE_DEBUG_INFO = YES;
				ONLY_ACTIVE_ARCH = YES;
				SDKROOT = iphoneos;
				SWIFT_OPTIMIZATION_LEVEL = "-Onone";
				TARGETED_DEVICE_FAMILY = "1,2";
			};
			name = Debug;
		};
		D0B314D51BDB2FD100954116 /* Release */ = {
			isa = XCBuildConfiguration;
			buildSettings = {
				ALWAYS_SEARCH_USER_PATHS = NO;
				CLANG_CXX_LANGUAGE_STANDARD = "gnu++0x";
				CLANG_CXX_LIBRARY = "libc++";
				CLANG_ENABLE_MODULES = YES;
				CLANG_ENABLE_OBJC_ARC = YES;
				CLANG_WARN_BOOL_CONVERSION = YES;
				CLANG_WARN_CONSTANT_CONVERSION = YES;
				CLANG_WARN_DIRECT_OBJC_ISA_USAGE = YES_ERROR;
				CLANG_WARN_EMPTY_BODY = YES;
				CLANG_WARN_ENUM_CONVERSION = YES;
				CLANG_WARN_INT_CONVERSION = YES;
				CLANG_WARN_OBJC_ROOT_CLASS = YES_ERROR;
				CLANG_WARN_UNREACHABLE_CODE = YES;
				CLANG_WARN__DUPLICATE_METHOD_MATCH = YES;
				"CODE_SIGN_IDENTITY[sdk=iphoneos*]" = "iPhone Developer";
				COPY_PHASE_STRIP = NO;
				DEBUG_INFORMATION_FORMAT = "dwarf-with-dsym";
				ENABLE_NS_ASSERTIONS = NO;
				ENABLE_STRICT_OBJC_MSGSEND = YES;
				GCC_C_LANGUAGE_STANDARD = gnu99;
				GCC_NO_COMMON_BLOCKS = YES;
				GCC_WARN_64_TO_32_BIT_CONVERSION = YES;
				GCC_WARN_ABOUT_RETURN_TYPE = YES_ERROR;
				GCC_WARN_UNDECLARED_SELECTOR = YES;
				GCC_WARN_UNINITIALIZED_AUTOS = YES_AGGRESSIVE;
				GCC_WARN_UNUSED_FUNCTION = YES;
				GCC_WARN_UNUSED_VARIABLE = YES;
				IPHONEOS_DEPLOYMENT_TARGET = 9.0;
				MTL_ENABLE_DEBUG_INFO = NO;
				SDKROOT = iphoneos;
				TARGETED_DEVICE_FAMILY = "1,2";
				VALIDATE_PRODUCT = YES;
			};
			name = Release;
		};
		D0B314D71BDB2FD100954116 /* Debug */ = {
			isa = XCBuildConfiguration;
			baseConfigurationReference = 53121BCFF0198ACB7E803FE9 /* Pods-ClassInTouch.debug.xcconfig */;
			buildSettings = {
				ASSETCATALOG_COMPILER_APPICON_NAME = AppIcon;
				CODE_SIGN_IDENTITY = "iPhone Developer";
				"CODE_SIGN_IDENTITY[sdk=iphoneos*]" = "iPhone Developer";
				INFOPLIST_FILE = ClassInTouch/Info.plist;
				LD_RUNPATH_SEARCH_PATHS = "$(inherited) @executable_path/Frameworks";
				LIBRARY_SEARCH_PATHS = "($inherited)";
				PRODUCT_BUNDLE_IDENTIFIER = com.tintpoint.ClassInTouch;
				PRODUCT_NAME = "$(TARGET_NAME)";
				PROVISIONING_PROFILE = "";
				SWIFT_OBJC_BRIDGING_HEADER = "ClassInTouch/Bridging-Header.h";
			};
			name = Debug;
		};
		D0B314D81BDB2FD100954116 /* Release */ = {
			isa = XCBuildConfiguration;
			baseConfigurationReference = 32B81CB2B7E6FD4FA5B1D03A /* Pods-ClassInTouch.release.xcconfig */;
			buildSettings = {
				ASSETCATALOG_COMPILER_APPICON_NAME = AppIcon;
				CODE_SIGN_IDENTITY = "iPhone Developer";
				"CODE_SIGN_IDENTITY[sdk=iphoneos*]" = "iPhone Developer";
				INFOPLIST_FILE = ClassInTouch/Info.plist;
				LD_RUNPATH_SEARCH_PATHS = "$(inherited) @executable_path/Frameworks";
				LIBRARY_SEARCH_PATHS = "($inherited)";
				PRODUCT_BUNDLE_IDENTIFIER = com.tintpoint.ClassInTouch;
				PRODUCT_NAME = "$(TARGET_NAME)";
				PROVISIONING_PROFILE = "";
				SWIFT_OBJC_BRIDGING_HEADER = "ClassInTouch/Bridging-Header.h";
			};
			name = Release;
		};
		D0B314DA1BDB2FD100954116 /* Debug */ = {
			isa = XCBuildConfiguration;
			buildSettings = {
				BUNDLE_LOADER = "$(TEST_HOST)";
				INFOPLIST_FILE = ClassInTouchTests/Info.plist;
				LD_RUNPATH_SEARCH_PATHS = "$(inherited) @executable_path/Frameworks @loader_path/Frameworks";
				PRODUCT_BUNDLE_IDENTIFIER = com.classintouch.ClassInTouchTests;
				PRODUCT_NAME = "$(TARGET_NAME)";
				TEST_HOST = "$(BUILT_PRODUCTS_DIR)/ClassInTouch.app/ClassInTouch";
			};
			name = Debug;
		};
		D0B314DB1BDB2FD100954116 /* Release */ = {
			isa = XCBuildConfiguration;
			buildSettings = {
				BUNDLE_LOADER = "$(TEST_HOST)";
				INFOPLIST_FILE = ClassInTouchTests/Info.plist;
				LD_RUNPATH_SEARCH_PATHS = "$(inherited) @executable_path/Frameworks @loader_path/Frameworks";
				PRODUCT_BUNDLE_IDENTIFIER = com.classintouch.ClassInTouchTests;
				PRODUCT_NAME = "$(TARGET_NAME)";
				TEST_HOST = "$(BUILT_PRODUCTS_DIR)/ClassInTouch.app/ClassInTouch";
			};
			name = Release;
		};
		D0B314DD1BDB2FD100954116 /* Debug */ = {
			isa = XCBuildConfiguration;
			buildSettings = {
				INFOPLIST_FILE = ClassInTouchUITests/Info.plist;
				LD_RUNPATH_SEARCH_PATHS = "$(inherited) @executable_path/Frameworks @loader_path/Frameworks";
				PRODUCT_BUNDLE_IDENTIFIER = com.classintouch.ClassInTouchUITests;
				PRODUCT_NAME = "$(TARGET_NAME)";
				TEST_TARGET_NAME = ClassInTouch;
				USES_XCTRUNNER = YES;
			};
			name = Debug;
		};
		D0B314DE1BDB2FD100954116 /* Release */ = {
			isa = XCBuildConfiguration;
			buildSettings = {
				INFOPLIST_FILE = ClassInTouchUITests/Info.plist;
				LD_RUNPATH_SEARCH_PATHS = "$(inherited) @executable_path/Frameworks @loader_path/Frameworks";
				PRODUCT_BUNDLE_IDENTIFIER = com.classintouch.ClassInTouchUITests;
				PRODUCT_NAME = "$(TARGET_NAME)";
				TEST_TARGET_NAME = ClassInTouch;
				USES_XCTRUNNER = YES;
			};
			name = Release;
		};
/* End XCBuildConfiguration section */

/* Begin XCConfigurationList section */
		D0B314A61BDB2FD100954116 /* Build configuration list for PBXProject "ClassInTouch" */ = {
			isa = XCConfigurationList;
			buildConfigurations = (
				D0B314D41BDB2FD100954116 /* Debug */,
				D0B314D51BDB2FD100954116 /* Release */,
			);
			defaultConfigurationIsVisible = 0;
			defaultConfigurationName = Release;
		};
		D0B314D61BDB2FD100954116 /* Build configuration list for PBXNativeTarget "ClassInTouch" */ = {
			isa = XCConfigurationList;
			buildConfigurations = (
				D0B314D71BDB2FD100954116 /* Debug */,
				D0B314D81BDB2FD100954116 /* Release */,
			);
			defaultConfigurationIsVisible = 0;
			defaultConfigurationName = Release;
		};
		D0B314D91BDB2FD100954116 /* Build configuration list for PBXNativeTarget "ClassInTouchTests" */ = {
			isa = XCConfigurationList;
			buildConfigurations = (
				D0B314DA1BDB2FD100954116 /* Debug */,
				D0B314DB1BDB2FD100954116 /* Release */,
			);
			defaultConfigurationIsVisible = 0;
			defaultConfigurationName = Release;
		};
		D0B314DC1BDB2FD100954116 /* Build configuration list for PBXNativeTarget "ClassInTouchUITests" */ = {
			isa = XCConfigurationList;
			buildConfigurations = (
				D0B314DD1BDB2FD100954116 /* Debug */,
				D0B314DE1BDB2FD100954116 /* Release */,
			);
			defaultConfigurationIsVisible = 0;
			defaultConfigurationName = Release;
		};
/* End XCConfigurationList section */

/* Begin XCVersionGroup section */
		D0B314B51BDB2FD100954116 /* ClassInTouch.xcdatamodeld */ = {
			isa = XCVersionGroup;
			children = (
				D0B314B61BDB2FD100954116 /* ClassInTouch.xcdatamodel */,
			);
			currentVersion = D0B314B61BDB2FD100954116 /* ClassInTouch.xcdatamodel */;
			path = ClassInTouch.xcdatamodeld;
			sourceTree = "<group>";
			versionGroupType = wrapper.xcdatamodel;
		};
/* End XCVersionGroup section */
	};
	rootObject = D0B314A31BDB2FD100954116 /* Project object */;
}
